// !$*UTF8*$!
{
	archiveVersion = 1;
	classes = {
	};
	objectVersion = 51;
	objects = {

/* Begin PBXBuildFile section */
		01E285F77BDFBCA877F99470 /* Pods_vkgallery.framework in Frameworks */ = {isa = PBXBuildFile; fileRef = DDC607C16EF000EA0E2CA28B /* Pods_vkgallery.framework */; };
		44ED234F26C1C77C00649CEB /* AppDelegate.swift in Sources */ = {isa = PBXBuildFile; fileRef = 44ED234E26C1C77C00649CEB /* AppDelegate.swift */; };
		44ED235126C1C77C00649CEB /* SceneDelegate.swift in Sources */ = {isa = PBXBuildFile; fileRef = 44ED235026C1C77C00649CEB /* SceneDelegate.swift */; };
		44ED235326C1C77C00649CEB /* AuthVC.swift in Sources */ = {isa = PBXBuildFile; fileRef = 44ED235226C1C77C00649CEB /* AuthVC.swift */; };
		44ED235826C1C77F00649CEB /* Assets.xcassets in Resources */ = {isa = PBXBuildFile; fileRef = 44ED235726C1C77F00649CEB /* Assets.xcassets */; };
		44ED235B26C1C77F00649CEB /* LaunchScreen.storyboard in Resources */ = {isa = PBXBuildFile; fileRef = 44ED235926C1C77F00649CEB /* LaunchScreen.storyboard */; };
		44ED236326C1CB5E00649CEB /* AuthService.swift in Sources */ = {isa = PBXBuildFile; fileRef = 44ED236226C1CB5E00649CEB /* AuthService.swift */; };
		44ED236926C1DFAD00649CEB /* SF-Pro-Display-Medium.otf in Resources */ = {isa = PBXBuildFile; fileRef = 44ED236726C1DFAD00649CEB /* SF-Pro-Display-Medium.otf */; };
		44ED236A26C1DFAD00649CEB /* SF-Pro-Display-Semibold.otf in Resources */ = {isa = PBXBuildFile; fileRef = 44ED236826C1DFAD00649CEB /* SF-Pro-Display-Semibold.otf */; };
		44ED236C26C1DFCC00649CEB /* SF-Pro-Display-Bold.otf in Resources */ = {isa = PBXBuildFile; fileRef = 44ED236B26C1DFCC00649CEB /* SF-Pro-Display-Bold.otf */; };
		44ED236F26C1E05900649CEB /* UIFont + Extension.swift in Sources */ = {isa = PBXBuildFile; fileRef = 44ED236E26C1E05900649CEB /* UIFont + Extension.swift */; };
		44ED237126C1E2BD00649CEB /* ColorAssets.swift in Sources */ = {isa = PBXBuildFile; fileRef = 44ED237026C1E2BD00649CEB /* ColorAssets.swift */; };
		44ED237526C1EDAA00649CEB /* FeedVC.swift in Sources */ = {isa = PBXBuildFile; fileRef = 44ED237426C1EDAA00649CEB /* FeedVC.swift */; };
		44ED237C26C2EB7C00649CEB /* PhotosAPI.swift in Sources */ = {isa = PBXBuildFile; fileRef = 44ED237B26C2EB7C00649CEB /* PhotosAPI.swift */; };
		44ED237E26C2ECA800649CEB /* BaseAPI.swift in Sources */ = {isa = PBXBuildFile; fileRef = 44ED237D26C2ECA800649CEB /* BaseAPI.swift */; };
		44ED238026C2ED4A00649CEB /* NetworkErrors.swift in Sources */ = {isa = PBXBuildFile; fileRef = 44ED237F26C2ED4A00649CEB /* NetworkErrors.swift */; };
		44ED238426C2EEE300649CEB /* GetPhotoRequest.swift in Sources */ = {isa = PBXBuildFile; fileRef = 44ED238326C2EEE300649CEB /* GetPhotoRequest.swift */; };
		44ED238726C2EF6100649CEB /* GetPhotosResponse.swift in Sources */ = {isa = PBXBuildFile; fileRef = 44ED238626C2EF6100649CEB /* GetPhotosResponse.swift */; };
		44ED238A26C2EFB600649CEB /* RequestDecoder.swift in Sources */ = {isa = PBXBuildFile; fileRef = 44ED238926C2EFB600649CEB /* RequestDecoder.swift */; };
		44ED238C26C2F53600649CEB /* JsonDecodeExtensions.swift in Sources */ = {isa = PBXBuildFile; fileRef = 44ED238B26C2F53600649CEB /* JsonDecodeExtensions.swift */; };
		44ED238E26C2F67900649CEB /* StatusMessage.swift in Sources */ = {isa = PBXBuildFile; fileRef = 44ED238D26C2F67900649CEB /* StatusMessage.swift */; };
		44ED239126C2F6FC00649CEB /* RequestInterceptor.swift in Sources */ = {isa = PBXBuildFile; fileRef = 44ED239026C2F6FC00649CEB /* RequestInterceptor.swift */; };
		44ED239426C3060500649CEB /* PhotoModel.swift in Sources */ = {isa = PBXBuildFile; fileRef = 44ED239326C3060500649CEB /* PhotoModel.swift */; };
		44ED239626C30D0600649CEB /* UINavigationBar + Extension.swift in Sources */ = {isa = PBXBuildFile; fileRef = 44ED239526C30D0600649CEB /* UINavigationBar + Extension.swift */; };
		44ED239926C3123800649CEB /* PhotoCell.swift in Sources */ = {isa = PBXBuildFile; fileRef = 44ED239826C3123800649CEB /* PhotoCell.swift */; };
		44ED239B26C3125200649CEB /* UICollectionView + Extension.swift in Sources */ = {isa = PBXBuildFile; fileRef = 44ED239A26C3125200649CEB /* UICollectionView + Extension.swift */; };
		44ED239F26C32E2100649CEB /* PhotoLoadingIndicator.swift in Sources */ = {isa = PBXBuildFile; fileRef = 44ED239E26C32E2100649CEB /* PhotoLoadingIndicator.swift */; };
		44ED23A126C331D500649CEB /* ImageLoading.json in Resources */ = {isa = PBXBuildFile; fileRef = 44ED23A026C331D500649CEB /* ImageLoading.json */; };
		44F1C94426C43D6800E85484 /* FullscreenPhotosVC.swift in Sources */ = {isa = PBXBuildFile; fileRef = 44F1C94326C43D6800E85484 /* FullscreenPhotosVC.swift */; };
		44F1C94626C46B2400E85484 /* UIImageView + Extension.swift in Sources */ = {isa = PBXBuildFile; fileRef = 44F1C94526C46B2400E85484 /* UIImageView + Extension.swift */; };
		44F1C94826C46CB300E85484 /* DateFormatter + Extension.swift in Sources */ = {isa = PBXBuildFile; fileRef = 44F1C94726C46CB300E85484 /* DateFormatter + Extension.swift */; };
		44F1C94B26C4846700E85484 /* ImageScrollView.swift in Sources */ = {isa = PBXBuildFile; fileRef = 44F1C94A26C4846700E85484 /* ImageScrollView.swift */; };
/* End PBXBuildFile section */

/* Begin PBXFileReference section */
		0B9932A1F34C173947949ECA /* Pods-vkgallery.release.xcconfig */ = {isa = PBXFileReference; includeInIndex = 1; lastKnownFileType = text.xcconfig; name = "Pods-vkgallery.release.xcconfig"; path = "Target Support Files/Pods-vkgallery/Pods-vkgallery.release.xcconfig"; sourceTree = "<group>"; };
		44ED234B26C1C77C00649CEB /* vkgallery.app */ = {isa = PBXFileReference; explicitFileType = wrapper.application; includeInIndex = 0; path = vkgallery.app; sourceTree = BUILT_PRODUCTS_DIR; };
		44ED234E26C1C77C00649CEB /* AppDelegate.swift */ = {isa = PBXFileReference; lastKnownFileType = sourcecode.swift; path = AppDelegate.swift; sourceTree = "<group>"; };
		44ED235026C1C77C00649CEB /* SceneDelegate.swift */ = {isa = PBXFileReference; lastKnownFileType = sourcecode.swift; path = SceneDelegate.swift; sourceTree = "<group>"; };
		44ED235226C1C77C00649CEB /* AuthVC.swift */ = {isa = PBXFileReference; lastKnownFileType = sourcecode.swift; path = AuthVC.swift; sourceTree = "<group>"; };
		44ED235726C1C77F00649CEB /* Assets.xcassets */ = {isa = PBXFileReference; lastKnownFileType = folder.assetcatalog; path = Assets.xcassets; sourceTree = "<group>"; };
		44ED235A26C1C77F00649CEB /* Base */ = {isa = PBXFileReference; lastKnownFileType = file.storyboard; name = Base; path = Base.lproj/LaunchScreen.storyboard; sourceTree = "<group>"; };
		44ED235C26C1C77F00649CEB /* Info.plist */ = {isa = PBXFileReference; lastKnownFileType = text.plist.xml; path = Info.plist; sourceTree = "<group>"; };
		44ED236226C1CB5E00649CEB /* AuthService.swift */ = {isa = PBXFileReference; lastKnownFileType = sourcecode.swift; path = AuthService.swift; sourceTree = "<group>"; };
		44ED236726C1DFAD00649CEB /* SF-Pro-Display-Medium.otf */ = {isa = PBXFileReference; lastKnownFileType = file; path = "SF-Pro-Display-Medium.otf"; sourceTree = "<group>"; };
		44ED236826C1DFAD00649CEB /* SF-Pro-Display-Semibold.otf */ = {isa = PBXFileReference; lastKnownFileType = file; path = "SF-Pro-Display-Semibold.otf"; sourceTree = "<group>"; };
		44ED236B26C1DFCC00649CEB /* SF-Pro-Display-Bold.otf */ = {isa = PBXFileReference; lastKnownFileType = file; path = "SF-Pro-Display-Bold.otf"; sourceTree = "<group>"; };
		44ED236E26C1E05900649CEB /* UIFont + Extension.swift */ = {isa = PBXFileReference; lastKnownFileType = sourcecode.swift; path = "UIFont + Extension.swift"; sourceTree = "<group>"; };
		44ED237026C1E2BD00649CEB /* ColorAssets.swift */ = {isa = PBXFileReference; lastKnownFileType = sourcecode.swift; path = ColorAssets.swift; sourceTree = "<group>"; };
		44ED237426C1EDAA00649CEB /* FeedVC.swift */ = {isa = PBXFileReference; lastKnownFileType = sourcecode.swift; path = FeedVC.swift; sourceTree = "<group>"; };
		44ED237B26C2EB7C00649CEB /* PhotosAPI.swift */ = {isa = PBXFileReference; lastKnownFileType = sourcecode.swift; path = PhotosAPI.swift; sourceTree = "<group>"; };
		44ED237D26C2ECA800649CEB /* BaseAPI.swift */ = {isa = PBXFileReference; lastKnownFileType = sourcecode.swift; path = BaseAPI.swift; sourceTree = "<group>"; };
		44ED237F26C2ED4A00649CEB /* NetworkErrors.swift */ = {isa = PBXFileReference; lastKnownFileType = sourcecode.swift; path = NetworkErrors.swift; sourceTree = "<group>"; };
		44ED238326C2EEE300649CEB /* GetPhotoRequest.swift */ = {isa = PBXFileReference; lastKnownFileType = sourcecode.swift; path = GetPhotoRequest.swift; sourceTree = "<group>"; };
		44ED238626C2EF6100649CEB /* GetPhotosResponse.swift */ = {isa = PBXFileReference; lastKnownFileType = sourcecode.swift; path = GetPhotosResponse.swift; sourceTree = "<group>"; };
		44ED238926C2EFB600649CEB /* RequestDecoder.swift */ = {isa = PBXFileReference; lastKnownFileType = sourcecode.swift; path = RequestDecoder.swift; sourceTree = "<group>"; };
		44ED238B26C2F53600649CEB /* JsonDecodeExtensions.swift */ = {isa = PBXFileReference; lastKnownFileType = sourcecode.swift; path = JsonDecodeExtensions.swift; sourceTree = "<group>"; };
		44ED238D26C2F67900649CEB /* StatusMessage.swift */ = {isa = PBXFileReference; lastKnownFileType = sourcecode.swift; path = StatusMessage.swift; sourceTree = "<group>"; };
		44ED239026C2F6FC00649CEB /* RequestInterceptor.swift */ = {isa = PBXFileReference; lastKnownFileType = sourcecode.swift; path = RequestInterceptor.swift; sourceTree = "<group>"; };
		44ED239326C3060500649CEB /* PhotoModel.swift */ = {isa = PBXFileReference; lastKnownFileType = sourcecode.swift; path = PhotoModel.swift; sourceTree = "<group>"; };
		44ED239526C30D0600649CEB /* UINavigationBar + Extension.swift */ = {isa = PBXFileReference; lastKnownFileType = sourcecode.swift; path = "UINavigationBar + Extension.swift"; sourceTree = "<group>"; };
		44ED239826C3123800649CEB /* PhotoCell.swift */ = {isa = PBXFileReference; lastKnownFileType = sourcecode.swift; path = PhotoCell.swift; sourceTree = "<group>"; };
		44ED239A26C3125200649CEB /* UICollectionView + Extension.swift */ = {isa = PBXFileReference; lastKnownFileType = sourcecode.swift; path = "UICollectionView + Extension.swift"; sourceTree = "<group>"; };
		44ED239E26C32E2100649CEB /* PhotoLoadingIndicator.swift */ = {isa = PBXFileReference; lastKnownFileType = sourcecode.swift; path = PhotoLoadingIndicator.swift; sourceTree = "<group>"; };
		44ED23A026C331D500649CEB /* ImageLoading.json */ = {isa = PBXFileReference; fileEncoding = 4; lastKnownFileType = text.json; path = ImageLoading.json; sourceTree = "<group>"; };
		44F1C94326C43D6800E85484 /* FullscreenPhotosVC.swift */ = {isa = PBXFileReference; lastKnownFileType = sourcecode.swift; path = FullscreenPhotosVC.swift; sourceTree = "<group>"; };
		44F1C94526C46B2400E85484 /* UIImageView + Extension.swift */ = {isa = PBXFileReference; lastKnownFileType = sourcecode.swift; path = "UIImageView + Extension.swift"; sourceTree = "<group>"; };
		44F1C94726C46CB300E85484 /* DateFormatter + Extension.swift */ = {isa = PBXFileReference; lastKnownFileType = sourcecode.swift; path = "DateFormatter + Extension.swift"; sourceTree = "<group>"; };
		44F1C94A26C4846700E85484 /* ImageScrollView.swift */ = {isa = PBXFileReference; lastKnownFileType = sourcecode.swift; path = ImageScrollView.swift; sourceTree = "<group>"; };
		A36002B5CDBA2FA905127168 /* Pods-vkgallery.debug.xcconfig */ = {isa = PBXFileReference; includeInIndex = 1; lastKnownFileType = text.xcconfig; name = "Pods-vkgallery.debug.xcconfig"; path = "Target Support Files/Pods-vkgallery/Pods-vkgallery.debug.xcconfig"; sourceTree = "<group>"; };
		DDC607C16EF000EA0E2CA28B /* Pods_vkgallery.framework */ = {isa = PBXFileReference; explicitFileType = wrapper.framework; includeInIndex = 0; path = Pods_vkgallery.framework; sourceTree = BUILT_PRODUCTS_DIR; };
/* End PBXFileReference section */

/* Begin PBXFrameworksBuildPhase section */
		44ED234826C1C77C00649CEB /* Frameworks */ = {
			isa = PBXFrameworksBuildPhase;
			buildActionMask = 2147483647;
			files = (
				01E285F77BDFBCA877F99470 /* Pods_vkgallery.framework in Frameworks */,
			);
			runOnlyForDeploymentPostprocessing = 0;
		};
/* End PBXFrameworksBuildPhase section */

/* Begin PBXGroup section */
		1F006DFCBAFDFDAE73628470 /* Pods */ = {
			isa = PBXGroup;
			children = (
				A36002B5CDBA2FA905127168 /* Pods-vkgallery.debug.xcconfig */,
				0B9932A1F34C173947949ECA /* Pods-vkgallery.release.xcconfig */,
			);
			path = Pods;
			sourceTree = "<group>";
		};
		44ED234226C1C77C00649CEB = {
			isa = PBXGroup;
			children = (
				44ED234D26C1C77C00649CEB /* vkgallery */,
				44ED234C26C1C77C00649CEB /* Products */,
				1F006DFCBAFDFDAE73628470 /* Pods */,
				B2402D62A246460C3A4B9C38 /* Frameworks */,
			);
			sourceTree = "<group>";
		};
		44ED234C26C1C77C00649CEB /* Products */ = {
			isa = PBXGroup;
			children = (
				44ED234B26C1C77C00649CEB /* vkgallery.app */,
			);
			name = Products;
			sourceTree = "<group>";
		};
		44ED234D26C1C77C00649CEB /* vkgallery */ = {
			isa = PBXGroup;
			children = (
				44F1C94926C4845A00E85484 /* Components */,
				44ED238126C2EECB00649CEB /* API */,
				44ED236426C1CB6100649CEB /* Services */,
				44ED236D26C1E04B00649CEB /* Extensions */,
				44ED237626C1EDBF00649CEB /* Screens */,
				44ED236526C1DF6800649CEB /* Assets */,
				44ED234E26C1C77C00649CEB /* AppDelegate.swift */,
				44ED235026C1C77C00649CEB /* SceneDelegate.swift */,
				44ED235926C1C77F00649CEB /* LaunchScreen.storyboard */,
				44ED235C26C1C77F00649CEB /* Info.plist */,
			);
			path = vkgallery;
			sourceTree = "<group>";
		};
		44ED236426C1CB6100649CEB /* Services */ = {
			isa = PBXGroup;
			children = (
				44ED236226C1CB5E00649CEB /* AuthService.swift */,
			);
			path = Services;
			sourceTree = "<group>";
		};
		44ED236526C1DF6800649CEB /* Assets */ = {
			isa = PBXGroup;
			children = (
				44ED23A226C331D900649CEB /* Lotties */,
				44ED236626C1DF7300649CEB /* Fonts */,
				44ED235726C1C77F00649CEB /* Assets.xcassets */,
				44ED237026C1E2BD00649CEB /* ColorAssets.swift */,
			);
			path = Assets;
			sourceTree = "<group>";
		};
		44ED236626C1DF7300649CEB /* Fonts */ = {
			isa = PBXGroup;
			children = (
				44ED236726C1DFAD00649CEB /* SF-Pro-Display-Medium.otf */,
				44ED236826C1DFAD00649CEB /* SF-Pro-Display-Semibold.otf */,
				44ED236B26C1DFCC00649CEB /* SF-Pro-Display-Bold.otf */,
			);
			path = Fonts;
			sourceTree = "<group>";
		};
		44ED236D26C1E04B00649CEB /* Extensions */ = {
			isa = PBXGroup;
			children = (
				44ED236E26C1E05900649CEB /* UIFont + Extension.swift */,
				44ED239526C30D0600649CEB /* UINavigationBar + Extension.swift */,
				44ED239A26C3125200649CEB /* UICollectionView + Extension.swift */,
				44F1C94526C46B2400E85484 /* UIImageView + Extension.swift */,
				44F1C94726C46CB300E85484 /* DateFormatter + Extension.swift */,
			);
			path = Extensions;
			sourceTree = "<group>";
		};
		44ED237626C1EDBF00649CEB /* Screens */ = {
			isa = PBXGroup;
			children = (
				44F1C94226C43D3D00E85484 /* Fullscreen */,
				44ED237826C1EDCC00649CEB /* Feed */,
				44ED237726C1EDC800649CEB /* Auth */,
			);
			path = Screens;
			sourceTree = "<group>";
		};
		44ED237726C1EDC800649CEB /* Auth */ = {
			isa = PBXGroup;
			children = (
				44ED235226C1C77C00649CEB /* AuthVC.swift */,
			);
			path = Auth;
			sourceTree = "<group>";
		};
		44ED237826C1EDCC00649CEB /* Feed */ = {
			isa = PBXGroup;
			children = (
				44ED239726C3122B00649CEB /* Views */,
				44ED237426C1EDAA00649CEB /* FeedVC.swift */,
			);
			path = Feed;
			sourceTree = "<group>";
		};
		44ED238126C2EECB00649CEB /* API */ = {
			isa = PBXGroup;
			children = (
				44ED238826C2EFAC00649CEB /* Helpers */,
				44ED238226C2EED700649CEB /* Requests */,
				44ED238526C2EF4900649CEB /* Responses */,
				44ED239226C305F700649CEB /* Models */,
				44ED237B26C2EB7C00649CEB /* PhotosAPI.swift */,
				44ED237D26C2ECA800649CEB /* BaseAPI.swift */,
			);
			path = API;
			sourceTree = "<group>";
		};
		44ED238226C2EED700649CEB /* Requests */ = {
			isa = PBXGroup;
			children = (
				44ED238326C2EEE300649CEB /* GetPhotoRequest.swift */,
			);
			path = Requests;
			sourceTree = "<group>";
		};
		44ED238526C2EF4900649CEB /* Responses */ = {
			isa = PBXGroup;
			children = (
				44ED238626C2EF6100649CEB /* GetPhotosResponse.swift */,
			);
			path = Responses;
			sourceTree = "<group>";
		};
		44ED238826C2EFAC00649CEB /* Helpers */ = {
			isa = PBXGroup;
			children = (
				44ED238F26C2F67F00649CEB /* Models */,
				44ED238926C2EFB600649CEB /* RequestDecoder.swift */,
				44ED237F26C2ED4A00649CEB /* NetworkErrors.swift */,
				44ED238B26C2F53600649CEB /* JsonDecodeExtensions.swift */,
				44ED239026C2F6FC00649CEB /* RequestInterceptor.swift */,
			);
			path = Helpers;
			sourceTree = "<group>";
		};
		44ED238F26C2F67F00649CEB /* Models */ = {
			isa = PBXGroup;
			children = (
				44ED238D26C2F67900649CEB /* StatusMessage.swift */,
			);
			path = Models;
			sourceTree = "<group>";
		};
		44ED239226C305F700649CEB /* Models */ = {
			isa = PBXGroup;
			children = (
				44ED239326C3060500649CEB /* PhotoModel.swift */,
			);
			path = Models;
			sourceTree = "<group>";
		};
		44ED239726C3122B00649CEB /* Views */ = {
			isa = PBXGroup;
			children = (
				44ED239826C3123800649CEB /* PhotoCell.swift */,
				44ED239E26C32E2100649CEB /* PhotoLoadingIndicator.swift */,
			);
			path = Views;
			sourceTree = "<group>";
		};
		44ED23A226C331D900649CEB /* Lotties */ = {
			isa = PBXGroup;
			children = (
				44ED23A026C331D500649CEB /* ImageLoading.json */,
			);
			path = Lotties;
			sourceTree = "<group>";
		};
		44F1C94226C43D3D00E85484 /* Fullscreen */ = {
			isa = PBXGroup;
			children = (
				44F1C94326C43D6800E85484 /* FullscreenPhotosVC.swift */,
			);
			path = Fullscreen;
			sourceTree = "<group>";
		};
		44F1C94926C4845A00E85484 /* Components */ = {
			isa = PBXGroup;
			children = (
				44F1C94A26C4846700E85484 /* ImageScrollView.swift */,
			);
			path = Components;
			sourceTree = "<group>";
		};
		B2402D62A246460C3A4B9C38 /* Frameworks */ = {
			isa = PBXGroup;
			children = (
				DDC607C16EF000EA0E2CA28B /* Pods_vkgallery.framework */,
			);
			name = Frameworks;
			sourceTree = "<group>";
		};
/* End PBXGroup section */

/* Begin PBXNativeTarget section */
		44ED234A26C1C77C00649CEB /* vkgallery */ = {
			isa = PBXNativeTarget;
			buildConfigurationList = 44ED235F26C1C77F00649CEB /* Build configuration list for PBXNativeTarget "vkgallery" */;
			buildPhases = (
				004AAF73039EB9EFC22BAD4B /* [CP] Check Pods Manifest.lock */,
				44ED234726C1C77C00649CEB /* Sources */,
				44ED234826C1C77C00649CEB /* Frameworks */,
				44ED234926C1C77C00649CEB /* Resources */,
				CEE282E19D1B12D8BA700613 /* [CP] Embed Pods Frameworks */,
			);
			buildRules = (
			);
			dependencies = (
			);
			name = vkgallery;
			productName = vkgallery;
			productReference = 44ED234B26C1C77C00649CEB /* vkgallery.app */;
			productType = "com.apple.product-type.application";
		};
/* End PBXNativeTarget section */

/* Begin PBXProject section */
		44ED234326C1C77C00649CEB /* Project object */ = {
			isa = PBXProject;
			attributes = {
				LastSwiftUpdateCheck = 1250;
				LastUpgradeCheck = 1250;
				TargetAttributes = {
					44ED234A26C1C77C00649CEB = {
						CreatedOnToolsVersion = 12.5.1;
					};
				};
			};
			buildConfigurationList = 44ED234626C1C77C00649CEB /* Build configuration list for PBXProject "vkgallery" */;
			compatibilityVersion = "Xcode 9.3";
			developmentRegion = en;
			hasScannedForEncodings = 0;
			knownRegions = (
				en,
				Base,
			);
			mainGroup = 44ED234226C1C77C00649CEB;
			productRefGroup = 44ED234C26C1C77C00649CEB /* Products */;
			projectDirPath = "";
			projectRoot = "";
			targets = (
				44ED234A26C1C77C00649CEB /* vkgallery */,
			);
		};
/* End PBXProject section */

/* Begin PBXResourcesBuildPhase section */
		44ED234926C1C77C00649CEB /* Resources */ = {
			isa = PBXResourcesBuildPhase;
			buildActionMask = 2147483647;
			files = (
				44ED236A26C1DFAD00649CEB /* SF-Pro-Display-Semibold.otf in Resources */,
				44ED236C26C1DFCC00649CEB /* SF-Pro-Display-Bold.otf in Resources */,
				44ED23A126C331D500649CEB /* ImageLoading.json in Resources */,
				44ED236926C1DFAD00649CEB /* SF-Pro-Display-Medium.otf in Resources */,
				44ED235B26C1C77F00649CEB /* LaunchScreen.storyboard in Resources */,
				44ED235826C1C77F00649CEB /* Assets.xcassets in Resources */,
			);
			runOnlyForDeploymentPostprocessing = 0;
		};
/* End PBXResourcesBuildPhase section */

/* Begin PBXShellScriptBuildPhase section */
		004AAF73039EB9EFC22BAD4B /* [CP] Check Pods Manifest.lock */ = {
			isa = PBXShellScriptBuildPhase;
			buildActionMask = 2147483647;
			files = (
			);
			inputFileListPaths = (
			);
			inputPaths = (
				"${PODS_PODFILE_DIR_PATH}/Podfile.lock",
				"${PODS_ROOT}/Manifest.lock",
			);
			name = "[CP] Check Pods Manifest.lock";
			outputFileListPaths = (
			);
			outputPaths = (
				"$(DERIVED_FILE_DIR)/Pods-vkgallery-checkManifestLockResult.txt",
			);
			runOnlyForDeploymentPostprocessing = 0;
			shellPath = /bin/sh;
			shellScript = "diff \"${PODS_PODFILE_DIR_PATH}/Podfile.lock\" \"${PODS_ROOT}/Manifest.lock\" > /dev/null\nif [ $? != 0 ] ; then\n    # print error to STDERR\n    echo \"error: The sandbox is not in sync with the Podfile.lock. Run 'pod install' or update your CocoaPods installation.\" >&2\n    exit 1\nfi\n# This output is used by Xcode 'outputs' to avoid re-running this script phase.\necho \"SUCCESS\" > \"${SCRIPT_OUTPUT_FILE_0}\"\n";
			showEnvVarsInLog = 0;
		};
		CEE282E19D1B12D8BA700613 /* [CP] Embed Pods Frameworks */ = {
			isa = PBXShellScriptBuildPhase;
			buildActionMask = 2147483647;
			files = (
			);
			inputFileListPaths = (
				"${PODS_ROOT}/Target Support Files/Pods-vkgallery/Pods-vkgallery-frameworks-${CONFIGURATION}-input-files.xcfilelist",
			);
			name = "[CP] Embed Pods Frameworks";
			outputFileListPaths = (
				"${PODS_ROOT}/Target Support Files/Pods-vkgallery/Pods-vkgallery-frameworks-${CONFIGURATION}-output-files.xcfilelist",
			);
			runOnlyForDeploymentPostprocessing = 0;
			shellPath = /bin/sh;
			shellScript = "\"${PODS_ROOT}/Target Support Files/Pods-vkgallery/Pods-vkgallery-frameworks.sh\"\n";
			showEnvVarsInLog = 0;
		};
/* End PBXShellScriptBuildPhase section */

/* Begin PBXSourcesBuildPhase section */
		44ED234726C1C77C00649CEB /* Sources */ = {
			isa = PBXSourcesBuildPhase;
			buildActionMask = 2147483647;
			files = (
				44F1C94426C43D6800E85484 /* FullscreenPhotosVC.swift in Sources */,
				44ED239126C2F6FC00649CEB /* RequestInterceptor.swift in Sources */,
				44ED237126C1E2BD00649CEB /* ColorAssets.swift in Sources */,
				44ED237526C1EDAA00649CEB /* FeedVC.swift in Sources */,
				44F1C94826C46CB300E85484 /* DateFormatter + Extension.swift in Sources */,
				44ED236F26C1E05900649CEB /* UIFont + Extension.swift in Sources */,
				44ED238C26C2F53600649CEB /* JsonDecodeExtensions.swift in Sources */,
				44ED239F26C32E2100649CEB /* PhotoLoadingIndicator.swift in Sources */,
				44ED235326C1C77C00649CEB /* AuthVC.swift in Sources */,
				44ED234F26C1C77C00649CEB /* AppDelegate.swift in Sources */,
				44ED238E26C2F67900649CEB /* StatusMessage.swift in Sources */,
				44F1C94626C46B2400E85484 /* UIImageView + Extension.swift in Sources */,
				44ED235126C1C77C00649CEB /* SceneDelegate.swift in Sources */,
				44ED238426C2EEE300649CEB /* GetPhotoRequest.swift in Sources */,
				44ED239B26C3125200649CEB /* UICollectionView + Extension.swift in Sources */,
				44ED239626C30D0600649CEB /* UINavigationBar + Extension.swift in Sources */,
				44ED239926C3123800649CEB /* PhotoCell.swift in Sources */,
				44F1C94B26C4846700E85484 /* ImageScrollView.swift in Sources */,
				44ED236326C1CB5E00649CEB /* AuthService.swift in Sources */,
				44ED238026C2ED4A00649CEB /* NetworkErrors.swift in Sources */,
				44ED237C26C2EB7C00649CEB /* PhotosAPI.swift in Sources */,
				44ED239426C3060500649CEB /* PhotoModel.swift in Sources */,
				44ED237E26C2ECA800649CEB /* BaseAPI.swift in Sources */,
				44ED238A26C2EFB600649CEB /* RequestDecoder.swift in Sources */,
				44ED238726C2EF6100649CEB /* GetPhotosResponse.swift in Sources */,
			);
			runOnlyForDeploymentPostprocessing = 0;
		};
/* End PBXSourcesBuildPhase section */

/* Begin PBXVariantGroup section */
		44ED235926C1C77F00649CEB /* LaunchScreen.storyboard */ = {
			isa = PBXVariantGroup;
			children = (
				44ED235A26C1C77F00649CEB /* Base */,
			);
			name = LaunchScreen.storyboard;
			sourceTree = "<group>";
		};
/* End PBXVariantGroup section */

/* Begin XCBuildConfiguration section */
		44ED235D26C1C77F00649CEB /* Debug */ = {
			isa = XCBuildConfiguration;
			buildSettings = {
				ALWAYS_SEARCH_USER_PATHS = NO;
				CLANG_ANALYZER_NONNULL = YES;
				CLANG_ANALYZER_NUMBER_OBJECT_CONVERSION = YES_AGGRESSIVE;
				CLANG_CXX_LANGUAGE_STANDARD = "gnu++14";
				CLANG_CXX_LIBRARY = "libc++";
				CLANG_ENABLE_MODULES = YES;
				CLANG_ENABLE_OBJC_ARC = YES;
				CLANG_ENABLE_OBJC_WEAK = YES;
				CLANG_WARN_BLOCK_CAPTURE_AUTORELEASING = YES;
				CLANG_WARN_BOOL_CONVERSION = YES;
				CLANG_WARN_COMMA = YES;
				CLANG_WARN_CONSTANT_CONVERSION = YES;
				CLANG_WARN_DEPRECATED_OBJC_IMPLEMENTATIONS = YES;
				CLANG_WARN_DIRECT_OBJC_ISA_USAGE = YES_ERROR;
				CLANG_WARN_DOCUMENTATION_COMMENTS = YES;
				CLANG_WARN_EMPTY_BODY = YES;
				CLANG_WARN_ENUM_CONVERSION = YES;
				CLANG_WARN_INFINITE_RECURSION = YES;
				CLANG_WARN_INT_CONVERSION = YES;
				CLANG_WARN_NON_LITERAL_NULL_CONVERSION = YES;
				CLANG_WARN_OBJC_IMPLICIT_RETAIN_SELF = YES;
				CLANG_WARN_OBJC_LITERAL_CONVERSION = YES;
				CLANG_WARN_OBJC_ROOT_CLASS = YES_ERROR;
				CLANG_WARN_QUOTED_INCLUDE_IN_FRAMEWORK_HEADER = YES;
				CLANG_WARN_RANGE_LOOP_ANALYSIS = YES;
				CLANG_WARN_STRICT_PROTOTYPES = YES;
				CLANG_WARN_SUSPICIOUS_MOVE = YES;
				CLANG_WARN_UNGUARDED_AVAILABILITY = YES_AGGRESSIVE;
				CLANG_WARN_UNREACHABLE_CODE = YES;
				CLANG_WARN__DUPLICATE_METHOD_MATCH = YES;
				COPY_PHASE_STRIP = NO;
				DEBUG_INFORMATION_FORMAT = dwarf;
				ENABLE_STRICT_OBJC_MSGSEND = YES;
				ENABLE_TESTABILITY = YES;
				GCC_C_LANGUAGE_STANDARD = gnu11;
				GCC_DYNAMIC_NO_PIC = NO;
				GCC_NO_COMMON_BLOCKS = YES;
				GCC_OPTIMIZATION_LEVEL = 0;
				GCC_PREPROCESSOR_DEFINITIONS = (
					"DEBUG=1",
					"$(inherited)",
				);
				GCC_WARN_64_TO_32_BIT_CONVERSION = YES;
				GCC_WARN_ABOUT_RETURN_TYPE = YES_ERROR;
				GCC_WARN_UNDECLARED_SELECTOR = YES;
				GCC_WARN_UNINITIALIZED_AUTOS = YES_AGGRESSIVE;
				GCC_WARN_UNUSED_FUNCTION = YES;
				GCC_WARN_UNUSED_VARIABLE = YES;
				IPHONEOS_DEPLOYMENT_TARGET = 13.0;
				MTL_ENABLE_DEBUG_INFO = INCLUDE_SOURCE;
				MTL_FAST_MATH = YES;
				ONLY_ACTIVE_ARCH = YES;
				SDKROOT = iphoneos;
				SWIFT_ACTIVE_COMPILATION_CONDITIONS = DEBUG;
				SWIFT_OPTIMIZATION_LEVEL = "-Onone";
			};
			name = Debug;
		};
		44ED235E26C1C77F00649CEB /* Release */ = {
			isa = XCBuildConfiguration;
			buildSettings = {
				ALWAYS_SEARCH_USER_PATHS = NO;
				CLANG_ANALYZER_NONNULL = YES;
				CLANG_ANALYZER_NUMBER_OBJECT_CONVERSION = YES_AGGRESSIVE;
				CLANG_CXX_LANGUAGE_STANDARD = "gnu++14";
				CLANG_CXX_LIBRARY = "libc++";
				CLANG_ENABLE_MODULES = YES;
				CLANG_ENABLE_OBJC_ARC = YES;
				CLANG_ENABLE_OBJC_WEAK = YES;
				CLANG_WARN_BLOCK_CAPTURE_AUTORELEASING = YES;
				CLANG_WARN_BOOL_CONVERSION = YES;
				CLANG_WARN_COMMA = YES;
				CLANG_WARN_CONSTANT_CONVERSION = YES;
				CLANG_WARN_DEPRECATED_OBJC_IMPLEMENTATIONS = YES;
				CLANG_WARN_DIRECT_OBJC_ISA_USAGE = YES_ERROR;
				CLANG_WARN_DOCUMENTATION_COMMENTS = YES;
				CLANG_WARN_EMPTY_BODY = YES;
				CLANG_WARN_ENUM_CONVERSION = YES;
				CLANG_WARN_INFINITE_RECURSION = YES;
				CLANG_WARN_INT_CONVERSION = YES;
				CLANG_WARN_NON_LITERAL_NULL_CONVERSION = YES;
				CLANG_WARN_OBJC_IMPLICIT_RETAIN_SELF = YES;
				CLANG_WARN_OBJC_LITERAL_CONVERSION = YES;
				CLANG_WARN_OBJC_ROOT_CLASS = YES_ERROR;
				CLANG_WARN_QUOTED_INCLUDE_IN_FRAMEWORK_HEADER = YES;
				CLANG_WARN_RANGE_LOOP_ANALYSIS = YES;
				CLANG_WARN_STRICT_PROTOTYPES = YES;
				CLANG_WARN_SUSPICIOUS_MOVE = YES;
				CLANG_WARN_UNGUARDED_AVAILABILITY = YES_AGGRESSIVE;
				CLANG_WARN_UNREACHABLE_CODE = YES;
				CLANG_WARN__DUPLICATE_METHOD_MATCH = YES;
				COPY_PHASE_STRIP = NO;
				DEBUG_INFORMATION_FORMAT = "dwarf-with-dsym";
				ENABLE_NS_ASSERTIONS = NO;
				ENABLE_STRICT_OBJC_MSGSEND = YES;
				GCC_C_LANGUAGE_STANDARD = gnu11;
				GCC_NO_COMMON_BLOCKS = YES;
				GCC_WARN_64_TO_32_BIT_CONVERSION = YES;
				GCC_WARN_ABOUT_RETURN_TYPE = YES_ERROR;
				GCC_WARN_UNDECLARED_SELECTOR = YES;
				GCC_WARN_UNINITIALIZED_AUTOS = YES_AGGRESSIVE;
				GCC_WARN_UNUSED_FUNCTION = YES;
				GCC_WARN_UNUSED_VARIABLE = YES;
				IPHONEOS_DEPLOYMENT_TARGET = 13.0;
				MTL_ENABLE_DEBUG_INFO = NO;
				MTL_FAST_MATH = YES;
				SDKROOT = iphoneos;
				SWIFT_COMPILATION_MODE = wholemodule;
				SWIFT_OPTIMIZATION_LEVEL = "-O";
				VALIDATE_PRODUCT = YES;
			};
			name = Release;
		};
		44ED236026C1C77F00649CEB /* Debug */ = {
			isa = XCBuildConfiguration;
			baseConfigurationReference = A36002B5CDBA2FA905127168 /* Pods-vkgallery.debug.xcconfig */;
			buildSettings = {
				ASSETCATALOG_COMPILER_APPICON_NAME = AppIcon;
				ASSETCATALOG_COMPILER_GLOBAL_ACCENT_COLOR_NAME = AccentColor;
				CODE_SIGN_STYLE = Automatic;
				DEVELOPMENT_TEAM = WJ4KQYMHHR;
				INFOPLIST_FILE = vkgallery/Info.plist;
				LD_RUNPATH_SEARCH_PATHS = (
					"$(inherited)",
					"@executable_path/Frameworks",
				);
				PRODUCT_BUNDLE_IDENTIFIER = com.vkgallery;
				PRODUCT_NAME = "$(TARGET_NAME)";
				SWIFT_VERSION = 5.0;
				TARGETED_DEVICE_FAMILY = 1;
			};
			name = Debug;
		};
		44ED236126C1C77F00649CEB /* Release */ = {
			isa = XCBuildConfiguration;
			baseConfigurationReference = 0B9932A1F34C173947949ECA /* Pods-vkgallery.release.xcconfig */;
			buildSettings = {
				ASSETCATALOG_COMPILER_APPICON_NAME = AppIcon;
				ASSETCATALOG_COMPILER_GLOBAL_ACCENT_COLOR_NAME = AccentColor;
				CODE_SIGN_STYLE = Automatic;
				DEVELOPMENT_TEAM = WJ4KQYMHHR;
				INFOPLIST_FILE = vkgallery/Info.plist;
				LD_RUNPATH_SEARCH_PATHS = (
					"$(inherited)",
					"@executable_path/Frameworks",
				);
				PRODUCT_BUNDLE_IDENTIFIER = com.vkgallery;
				PRODUCT_NAME = "$(TARGET_NAME)";
				SWIFT_VERSION = 5.0;
				TARGETED_DEVICE_FAMILY = 1;
			};
			name = Release;
		};
/* End XCBuildConfiguration section */

/* Begin XCConfigurationList section */
		44ED234626C1C77C00649CEB /* Build configuration list for PBXProject "vkgallery" */ = {
			isa = XCConfigurationList;
			buildConfigurations = (
				44ED235D26C1C77F00649CEB /* Debug */,
				44ED235E26C1C77F00649CEB /* Release */,
			);
			defaultConfigurationIsVisible = 0;
			defaultConfigurationName = Release;
		};
		44ED235F26C1C77F00649CEB /* Build configuration list for PBXNativeTarget "vkgallery" */ = {
			isa = XCConfigurationList;
			buildConfigurations = (
				44ED236026C1C77F00649CEB /* Debug */,
				44ED236126C1C77F00649CEB /* Release */,
			);
			defaultConfigurationIsVisible = 0;
			defaultConfigurationName = Release;
		};
/* End XCConfigurationList section */
	};
	rootObject = 44ED234326C1C77C00649CEB /* Project object */;
}
